
Microsoft Visual Studio Solution File, Format Version 12.00
# Visual Studio Version 16
VisualStudioVersion = 16.0.31515.178
MinimumVisualStudioVersion = 10.0.40219.1
Project("{FAE04EC0-301F-11D3-BF4B-00C04F79EFBC}") = "WebApplication1", "WebApplication1\WebApplication1.csproj", "{44C09B8F-8F71-4333-A5DA-F60E5E9DB8DA}"
EndProject
Global
	GlobalSection(SolutionConfigurationPlatforms) = preSolution
		Debug|Any CPU = Debug|Any CPU
		Release|Any CPU = Release|Any CPU
	EndGlobalSection
	GlobalSection(ProjectConfigurationPlatforms) = postSolution
		{44C09B8F-8F71-4333-A5DA-F60E5E9DB8DA}.Debug|Any CPU.ActiveCfg = Debug|Any CPU
		{44C09B8F-8F71-4333-A5DA-F60E5E9DB8DA}.Debug|Any CPU.Build.0 = Debug|Any CPU
		{44C09B8F-8F71-4333-A5DA-F60E5E9DB8DA}.Release|Any CPU.ActiveCfg = Release|Any CPU
		{44C09B8F-8F71-4333-A5DA-F60E5E9DB8DA}.Release|Any CPU.Build.0 = Release|Any CPU
	EndGlobalSection
	GlobalSection(SolutionProperties) = preSolution
		HideSolutionNode = FALSE
	EndGlobalSection
	GlobalSection(ExtensibilityGlobals) = postSolution
		SolutionGuid = {65CD0192-E3C9-4850-995F-AEACC257A225}
	EndGlobalSection
EndGlobal
